// !$*UTF8*$!
{
	archiveVersion = 1;
	classes = {
	};
	objectVersion = 50;
	objects = {

/* Begin PBXBuildFile section */
		EE5CB97523D9156500FE836E /* AppDelegate.swift in Sources */ = {isa = PBXBuildFile; fileRef = EE5CB97423D9156500FE836E /* AppDelegate.swift */; };
		EE5CB97723D9156500FE836E /* SceneDelegate.swift in Sources */ = {isa = PBXBuildFile; fileRef = EE5CB97623D9156500FE836E /* SceneDelegate.swift */; };
		EE5CB97923D9156500FE836E /* ViewController.swift in Sources */ = {isa = PBXBuildFile; fileRef = EE5CB97823D9156500FE836E /* ViewController.swift */; };
		EE5CB97C23D9156500FE836E /* Main.storyboard in Resources */ = {isa = PBXBuildFile; fileRef = EE5CB97A23D9156500FE836E /* Main.storyboard */; };
		EE5CB97E23D9156700FE836E /* Assets.xcassets in Resources */ = {isa = PBXBuildFile; fileRef = EE5CB97D23D9156700FE836E /* Assets.xcassets */; };
		EE5CB98123D9156700FE836E /* LaunchScreen.storyboard in Resources */ = {isa = PBXBuildFile; fileRef = EE5CB97F23D9156700FE836E /* LaunchScreen.storyboard */; };
		EE5CB98C23D9156800FE836E /* flixTests.swift in Sources */ = {isa = PBXBuildFile; fileRef = EE5CB98B23D9156800FE836E /* flixTests.swift */; };
		EE5CB99723D9156800FE836E /* flixUITests.swift in Sources */ = {isa = PBXBuildFile; fileRef = EE5CB99623D9156800FE836E /* flixUITests.swift */; };
/* End PBXBuildFile section */

/* Begin PBXContainerItemProxy section */
		EE5CB98823D9156800FE836E /* PBXContainerItemProxy */ = {
			isa = PBXContainerItemProxy;
			containerPortal = EE5CB96923D9156500FE836E /* Project object */;
			proxyType = 1;
			remoteGlobalIDString = EE5CB97023D9156500FE836E;
			remoteInfo = flix;
		};
		EE5CB99323D9156800FE836E /* PBXContainerItemProxy */ = {
			isa = PBXContainerItemProxy;
			containerPortal = EE5CB96923D9156500FE836E /* Project object */;
			proxyType = 1;
			remoteGlobalIDString = EE5CB97023D9156500FE836E;
			remoteInfo = flix;
		};
/* End PBXContainerItemProxy section */

/* Begin PBXFileReference section */
		EE5CB97123D9156500FE836E /* flix.app */ = {isa = PBXFileReference; explicitFileType = wrapper.application; includeInIndex = 0; path = flix.app; sourceTree = BUILT_PRODUCTS_DIR; };
		EE5CB97423D9156500FE836E /* AppDelegate.swift */ = {isa = PBXFileReference; lastKnownFileType = sourcecode.swift; path = AppDelegate.swift; sourceTree = "<group>"; };
		EE5CB97623D9156500FE836E /* SceneDelegate.swift */ = {isa = PBXFileReference; lastKnownFileType = sourcecode.swift; path = SceneDelegate.swift; sourceTree = "<group>"; };
		EE5CB97823D9156500FE836E /* ViewController.swift */ = {isa = PBXFileReference; lastKnownFileType = sourcecode.swift; path = ViewController.swift; sourceTree = "<group>"; };
		EE5CB97B23D9156500FE836E /* Base */ = {isa = PBXFileReference; lastKnownFileType = file.storyboard; name = Base; path = Base.lproj/Main.storyboard; sourceTree = "<group>"; };
		EE5CB97D23D9156700FE836E /* Assets.xcassets */ = {isa = PBXFileReference; lastKnownFileType = folder.assetcatalog; path = Assets.xcassets; sourceTree = "<group>"; };
		EE5CB98023D9156700FE836E /* Base */ = {isa = PBXFileReference; lastKnownFileType = file.storyboard; name = Base; path = Base.lproj/LaunchScreen.storyboard; sourceTree = "<group>"; };
		EE5CB98223D9156700FE836E /* Info.plist */ = {isa = PBXFileReference; lastKnownFileType = text.plist.xml; path = Info.plist; sourceTree = "<group>"; };
		EE5CB98723D9156800FE836E /* flixTests.xctest */ = {isa = PBXFileReference; explicitFileType = wrapper.cfbundle; includeInIndex = 0; path = flixTests.xctest; sourceTree = BUILT_PRODUCTS_DIR; };
		EE5CB98B23D9156800FE836E /* flixTests.swift */ = {isa = PBXFileReference; lastKnownFileType = sourcecode.swift; path = flixTests.swift; sourceTree = "<group>"; };
		EE5CB98D23D9156800FE836E /* Info.plist */ = {isa = PBXFileReference; lastKnownFileType = text.plist.xml; path = Info.plist; sourceTree = "<group>"; };
		EE5CB99223D9156800FE836E /* flixUITests.xctest */ = {isa = PBXFileReference; explicitFileType = wrapper.cfbundle; includeInIndex = 0; path = flixUITests.xctest; sourceTree = BUILT_PRODUCTS_DIR; };
		EE5CB99623D9156800FE836E /* flixUITests.swift */ = {isa = PBXFileReference; lastKnownFileType = sourcecode.swift; path = flixUITests.swift; sourceTree = "<group>"; };
		EE5CB99823D9156800FE836E /* Info.plist */ = {isa = PBXFileReference; lastKnownFileType = text.plist.xml; path = Info.plist; sourceTree = "<group>"; };
/* End PBXFileReference section */

/* Begin PBXFrameworksBuildPhase section */
		EE5CB96E23D9156500FE836E /* Frameworks */ = {
			isa = PBXFrameworksBuildPhase;
			buildActionMask = 2147483647;
			files = (
			);
			runOnlyForDeploymentPostprocessing = 0;
		};
		EE5CB98423D9156800FE836E /* Frameworks */ = {
			isa = PBXFrameworksBuildPhase;
			buildActionMask = 2147483647;
			files = (
			);
			runOnlyForDeploymentPostprocessing = 0;
		};
		EE5CB98F23D9156800FE836E /* Frameworks */ = {
			isa = PBXFrameworksBuildPhase;
			buildActionMask = 2147483647;
			files = (
			);
			runOnlyForDeploymentPostprocessing = 0;
		};
/* End PBXFrameworksBuildPhase section */

/* Begin PBXGroup section */
		EE5CB96823D9156500FE836E = {
			isa = PBXGroup;
			children = (
				EE5CB97323D9156500FE836E /* flix */,
				EE5CB98A23D9156800FE836E /* flixTests */,
				EE5CB99523D9156800FE836E /* flixUITests */,
				EE5CB97223D9156500FE836E /* Products */,
			);
			sourceTree = "<group>";
		};
		EE5CB97223D9156500FE836E /* Products */ = {
			isa = PBXGroup;
			children = (
				EE5CB97123D9156500FE836E /* flix.app */,
				EE5CB98723D9156800FE836E /* flixTests.xctest */,
				EE5CB99223D9156800FE836E /* flixUITests.xctest */,
			);
			name = Products;
			sourceTree = "<group>";
		};
		EE5CB97323D9156500FE836E /* flix */ = {
			isa = PBXGroup;
			children = (
				EE5CB97423D9156500FE836E /* AppDelegate.swift */,
				EE5CB97623D9156500FE836E /* SceneDelegate.swift */,
				EE5CB97823D9156500FE836E /* ViewController.swift */,
				EE5CB97A23D9156500FE836E /* Main.storyboard */,
				EE5CB97D23D9156700FE836E /* Assets.xcassets */,
				EE5CB97F23D9156700FE836E /* LaunchScreen.storyboard */,
				EE5CB98223D9156700FE836E /* Info.plist */,
			);
			path = flix;
			sourceTree = "<group>";
		};
		EE5CB98A23D9156800FE836E /* flixTests */ = {
			isa = PBXGroup;
			children = (
				EE5CB98B23D9156800FE836E /* flixTests.swift */,
				EE5CB98D23D9156800FE836E /* Info.plist */,
			);
			path = flixTests;
			sourceTree = "<group>";
		};
		EE5CB99523D9156800FE836E /* flixUITests */ = {
			isa = PBXGroup;
			children = (
				EE5CB99623D9156800FE836E /* flixUITests.swift */,
				EE5CB99823D9156800FE836E /* Info.plist */,
			);
			path = flixUITests;
			sourceTree = "<group>";
		};
/* End PBXGroup section */

/* Begin PBXNativeTarget section */
		EE5CB97023D9156500FE836E /* flix */ = {
			isa = PBXNativeTarget;
			buildConfigurationList = EE5CB99B23D9156800FE836E /* Build configuration list for PBXNativeTarget "flix" */;
			buildPhases = (
				EE5CB96D23D9156500FE836E /* Sources */,
				EE5CB96E23D9156500FE836E /* Frameworks */,
				EE5CB96F23D9156500FE836E /* Resources */,
			);
			buildRules = (
			);
			dependencies = (
			);
			name = flix;
			productName = flix;
			productReference = EE5CB97123D9156500FE836E /* flix.app */;
			productType = "com.apple.product-type.application";
		};
		EE5CB98623D9156800FE836E /* flixTests */ = {
			isa = PBXNativeTarget;
			buildConfigurationList = EE5CB99E23D9156800FE836E /* Build configuration list for PBXNativeTarget "flixTests" */;
			buildPhases = (
				EE5CB98323D9156800FE836E /* Sources */,
				EE5CB98423D9156800FE836E /* Frameworks */,
				EE5CB98523D9156800FE836E /* Resources */,
			);
			buildRules = (
			);
			dependencies = (
				EE5CB98923D9156800FE836E /* PBXTargetDependency */,
			);
			name = flixTests;
			productName = flixTests;
			productReference = EE5CB98723D9156800FE836E /* flixTests.xctest */;
			productType = "com.apple.product-type.bundle.unit-test";
		};
		EE5CB99123D9156800FE836E /* flixUITests */ = {
			isa = PBXNativeTarget;
			buildConfigurationList = EE5CB9A123D9156800FE836E /* Build configuration list for PBXNativeTarget "flixUITests" */;
			buildPhases = (
				EE5CB98E23D9156800FE836E /* Sources */,
				EE5CB98F23D9156800FE836E /* Frameworks */,
				EE5CB99023D9156800FE836E /* Resources */,
			);
			buildRules = (
			);
			dependencies = (
				EE5CB99423D9156800FE836E /* PBXTargetDependency */,
			);
			name = flixUITests;
			productName = flixUITests;
			productReference = EE5CB99223D9156800FE836E /* flixUITests.xctest */;
			productType = "com.apple.product-type.bundle.ui-testing";
		};
/* End PBXNativeTarget section */

/* Begin PBXProject section */
		EE5CB96923D9156500FE836E /* Project object */ = {
			isa = PBXProject;
			attributes = {
				LastSwiftUpdateCheck = 1130;
				LastUpgradeCheck = 1130;
				ORGANIZATIONNAME = "Yamini Ponugoti";
				TargetAttributes = {
					EE5CB97023D9156500FE836E = {
						CreatedOnToolsVersion = 11.3.1;
					};
					EE5CB98623D9156800FE836E = {
						CreatedOnToolsVersion = 11.3.1;
						TestTargetID = EE5CB97023D9156500FE836E;
					};
					EE5CB99123D9156800FE836E = {
						CreatedOnToolsVersion = 11.3.1;
						TestTargetID = EE5CB97023D9156500FE836E;
					};
				};
			};
			buildConfigurationList = EE5CB96C23D9156500FE836E /* Build configuration list for PBXProject "flix" */;
			compatibilityVersion = "Xcode 9.3";
			developmentRegion = en;
			hasScannedForEncodings = 0;
			knownRegions = (
				en,
				Base,
			);
			mainGroup = EE5CB96823D9156500FE836E;
			productRefGroup = EE5CB97223D9156500FE836E /* Products */;
			projectDirPath = "";
			projectRoot = "";
			targets = (
				EE5CB97023D9156500FE836E /* flix */,
				EE5CB98623D9156800FE836E /* flixTests */,
				EE5CB99123D9156800FE836E /* flixUITests */,
			);
		};
/* End PBXProject section */

/* Begin PBXResourcesBuildPhase section */
		EE5CB96F23D9156500FE836E /* Resources */ = {
			isa = PBXResourcesBuildPhase;
			buildActionMask = 2147483647;
			files = (
				EE5CB98123D9156700FE836E /* LaunchScreen.storyboard in Resources */,
				EE5CB97E23D9156700FE836E /* Assets.xcassets in Resources */,
				EE5CB97C23D9156500FE836E /* Main.storyboard in Resources */,
			);
			runOnlyForDeploymentPostprocessing = 0;
		};
		EE5CB98523D9156800FE836E /* Resources */ = {
			isa = PBXResourcesBuildPhase;
			buildActionMask = 2147483647;
			files = (
			);
			runOnlyForDeploymentPostprocessing = 0;
		};
		EE5CB99023D9156800FE836E /* Resources */ = {
			isa = PBXResourcesBuildPhase;
			buildActionMask = 2147483647;
			files = (
			);
			runOnlyForDeploymentPostprocessing = 0;
		};
/* End PBXResourcesBuildPhase section */

/* Begin PBXSourcesBuildPhase section */
		EE5CB96D23D9156500FE836E /* Sources */ = {
			isa = PBXSourcesBuildPhase;
			buildActionMask = 2147483647;
			files = (
				EE5CB97923D9156500FE836E /* ViewController.swift in Sources */,
				EE5CB97523D9156500FE836E /* AppDelegate.swift in Sources */,
				EE5CB97723D9156500FE836E /* SceneDelegate.swift in Sources */,
			);
			runOnlyForDeploymentPostprocessing = 0;
		};
		EE5CB98323D9156800FE836E /* Sources */ = {
			isa = PBXSourcesBuildPhase;
			buildActionMask = 2147483647;
			files = (
				EE5CB98C23D9156800FE836E /* flixTests.swift in Sources */,
			);
			runOnlyForDeploymentPostprocessing = 0;
		};
		EE5CB98E23D9156800FE836E /* Sources */ = {
			isa = PBXSourcesBuildPhase;
			buildActionMask = 2147483647;
			files = (
				EE5CB99723D9156800FE836E /* flixUITests.swift in Sources */,
			);
			runOnlyForDeploymentPostprocessing = 0;
		};
/* End PBXSourcesBuildPhase section */

/* Begin PBXTargetDependency section */
		EE5CB98923D9156800FE836E /* PBXTargetDependency */ = {
			isa = PBXTargetDependency;
			target = EE5CB97023D9156500FE836E /* flix */;
			targetProxy = EE5CB98823D9156800FE836E /* PBXContainerItemProxy */;
		};
		EE5CB99423D9156800FE836E /* PBXTargetDependency */ = {
			isa = PBXTargetDependency;
			target = EE5CB97023D9156500FE836E /* flix */;
			targetProxy = EE5CB99323D9156800FE836E /* PBXContainerItemProxy */;
		};
/* End PBXTargetDependency section */

/* Begin PBXVariantGroup section */
		EE5CB97A23D9156500FE836E /* Main.storyboard */ = {
			isa = PBXVariantGroup;
			children = (
				EE5CB97B23D9156500FE836E /* Base */,
			);
			name = Main.storyboard;
			sourceTree = "<group>";
		};
		EE5CB97F23D9156700FE836E /* LaunchScreen.storyboard */ = {
			isa = PBXVariantGroup;
			children = (
				EE5CB98023D9156700FE836E /* Base */,
			);
			name = LaunchScreen.storyboard;
			sourceTree = "<group>";
		};
/* End PBXVariantGroup section */

/* Begin XCBuildConfiguration section */
		EE5CB99923D9156800FE836E /* Debug */ = {
			isa = XCBuildConfiguration;
			buildSettings = {
				ALWAYS_SEARCH_USER_PATHS = NO;
				CLANG_ANALYZER_NONNULL = YES;
				CLANG_ANALYZER_NUMBER_OBJECT_CONVERSION = YES_AGGRESSIVE;
				CLANG_CXX_LANGUAGE_STANDARD = "gnu++14";
				CLANG_CXX_LIBRARY = "libc++";
				CLANG_ENABLE_MODULES = YES;
				CLANG_ENABLE_OBJC_ARC = YES;
				CLANG_ENABLE_OBJC_WEAK = YES;
				CLANG_WARN_BLOCK_CAPTURE_AUTORELEASING = YES;
				CLANG_WARN_BOOL_CONVERSION = YES;
				CLANG_WARN_COMMA = YES;
				CLANG_WARN_CONSTANT_CONVERSION = YES;
				CLANG_WARN_DEPRECATED_OBJC_IMPLEMENTATIONS = YES;
				CLANG_WARN_DIRECT_OBJC_ISA_USAGE = YES_ERROR;
				CLANG_WARN_DOCUMENTATION_COMMENTS = YES;
				CLANG_WARN_EMPTY_BODY = YES;
				CLANG_WARN_ENUM_CONVERSION = YES;
				CLANG_WARN_INFINITE_RECURSION = YES;
				CLANG_WARN_INT_CONVERSION = YES;
				CLANG_WARN_NON_LITERAL_NULL_CONVERSION = YES;
				CLANG_WARN_OBJC_IMPLICIT_RETAIN_SELF = YES;
				CLANG_WARN_OBJC_LITERAL_CONVERSION = YES;
				CLANG_WARN_OBJC_ROOT_CLASS = YES_ERROR;
				CLANG_WARN_RANGE_LOOP_ANALYSIS = YES;
				CLANG_WARN_STRICT_PROTOTYPES = YES;
				CLANG_WARN_SUSPICIOUS_MOVE = YES;
				CLANG_WARN_UNGUARDED_AVAILABILITY = YES_AGGRESSIVE;
				CLANG_WARN_UNREACHABLE_CODE = YES;
				CLANG_WARN__DUPLICATE_METHOD_MATCH = YES;
				COPY_PHASE_STRIP = NO;
				DEBUG_INFORMATION_FORMAT = dwarf;
				ENABLE_STRICT_OBJC_MSGSEND = YES;
				ENABLE_TESTABILITY = YES;
				GCC_C_LANGUAGE_STANDARD = gnu11;
				GCC_DYNAMIC_NO_PIC = NO;
				GCC_NO_COMMON_BLOCKS = YES;
				GCC_OPTIMIZATION_LEVEL = 0;
				GCC_PREPROCESSOR_DEFINITIONS = (
					"DEBUG=1",
					"$(inherited)",
				);
				GCC_WARN_64_TO_32_BIT_CONVERSION = YES;
				GCC_WARN_ABOUT_RETURN_TYPE = YES_ERROR;
				GCC_WARN_UNDECLARED_SELECTOR = YES;
				GCC_WARN_UNINITIALIZED_AUTOS = YES_AGGRESSIVE;
				GCC_WARN_UNUSED_FUNCTION = YES;
				GCC_WARN_UNUSED_VARIABLE = YES;
				IPHONEOS_DEPLOYMENT_TARGET = 13.2;
				MTL_ENABLE_DEBUG_INFO = INCLUDE_SOURCE;
				MTL_FAST_MATH = YES;
				ONLY_ACTIVE_ARCH = YES;
				SDKROOT = iphoneos;
				SWIFT_ACTIVE_COMPILATION_CONDITIONS = DEBUG;
				SWIFT_OPTIMIZATION_LEVEL = "-Onone";
			};
			name = Debug;
		};
		EE5CB99A23D9156800FE836E /* Release */ = {
			isa = XCBuildConfiguration;
			buildSettings = {
				ALWAYS_SEARCH_USER_PATHS = NO;
				CLANG_ANALYZER_NONNULL = YES;
				CLANG_ANALYZER_NUMBER_OBJECT_CONVERSION = YES_AGGRESSIVE;
				CLANG_CXX_LANGUAGE_STANDARD = "gnu++14";
				CLANG_CXX_LIBRARY = "libc++";
				CLANG_ENABLE_MODULES = YES;
				CLANG_ENABLE_OBJC_ARC = YES;
				CLANG_ENABLE_OBJC_WEAK = YES;
				CLANG_WARN_BLOCK_CAPTURE_AUTORELEASING = YES;
				CLANG_WARN_BOOL_CONVERSION = YES;
				CLANG_WARN_COMMA = YES;
				CLANG_WARN_CONSTANT_CONVERSION = YES;
				CLANG_WARN_DEPRECATED_OBJC_IMPLEMENTATIONS = YES;
				CLANG_WARN_DIRECT_OBJC_ISA_USAGE = YES_ERROR;
				CLANG_WARN_DOCUMENTATION_COMMENTS = YES;
				CLANG_WARN_EMPTY_BODY = YES;
				CLANG_WARN_ENUM_CONVERSION = YES;
				CLANG_WARN_INFINITE_RECURSION = YES;
				CLANG_WARN_INT_CONVERSION = YES;
				CLANG_WARN_NON_LITERAL_NULL_CONVERSION = YES;
				CLANG_WARN_OBJC_IMPLICIT_RETAIN_SELF = YES;
				CLANG_WARN_OBJC_LITERAL_CONVERSION = YES;
				CLANG_WARN_OBJC_ROOT_CLASS = YES_ERROR;
				CLANG_WARN_RANGE_LOOP_ANALYSIS = YES;
				CLANG_WARN_STRICT_PROTOTYPES = YES;
				CLANG_WARN_SUSPICIOUS_MOVE = YES;
				CLANG_WARN_UNGUARDED_AVAILABILITY = YES_AGGRESSIVE;
				CLANG_WARN_UNREACHABLE_CODE = YES;
				CLANG_WARN__DUPLICATE_METHOD_MATCH = YES;
				COPY_PHASE_STRIP = NO;
				DEBUG_INFORMATION_FORMAT = "dwarf-with-dsym";
				ENABLE_NS_ASSERTIONS = NO;
				ENABLE_STRICT_OBJC_MSGSEND = YES;
				GCC_C_LANGUAGE_STANDARD = gnu11;
				GCC_NO_COMMON_BLOCKS = YES;
				GCC_WARN_64_TO_32_BIT_CONVERSION = YES;
				GCC_WARN_ABOUT_RETURN_TYPE = YES_ERROR;
				GCC_WARN_UNDECLARED_SELECTOR = YES;
				GCC_WARN_UNINITIALIZED_AUTOS = YES_AGGRESSIVE;
				GCC_WARN_UNUSED_FUNCTION = YES;
				GCC_WARN_UNUSED_VARIABLE = YES;
				IPHONEOS_DEPLOYMENT_TARGET = 13.2;
				MTL_ENABLE_DEBUG_INFO = NO;
				MTL_FAST_MATH = YES;
				SDKROOT = iphoneos;
				SWIFT_COMPILATION_MODE = wholemodule;
				SWIFT_OPTIMIZATION_LEVEL = "-O";
				VALIDATE_PRODUCT = YES;
			};
			name = Release;
		};
		EE5CB99C23D9156800FE836E /* Debug */ = {
			isa = XCBuildConfiguration;
			buildSettings = {
				ASSETCATALOG_COMPILER_APPICON_NAME = AppIcon;
				CODE_SIGN_STYLE = Automatic;
				INFOPLIST_FILE = flix/Info.plist;
				LD_RUNPATH_SEARCH_PATHS = (
					"$(inherited)",
					"@executable_path/Frameworks",
				);
				PRODUCT_BUNDLE_IDENTIFIER = com.yamini.flix;
				PRODUCT_NAME = "$(TARGET_NAME)";
				SWIFT_VERSION = 5.0;
				TARGETED_DEVICE_FAMILY = "1,2";
			};
			name = Debug;
		};
		EE5CB99D23D9156800FE836E /* Release */ = {
			isa = XCBuildConfiguration;
			buildSettings = {
				ASSETCATALOG_COMPILER_APPICON_NAME = AppIcon;
				CODE_SIGN_STYLE = Automatic;
				INFOPLIST_FILE = flix/Info.plist;
				LD_RUNPATH_SEARCH_PATHS = (
					"$(inherited)",
					"@executable_path/Frameworks",
				);
				PRODUCT_BUNDLE_IDENTIFIER = com.yamini.flix;
				PRODUCT_NAME = "$(TARGET_NAME)";
				SWIFT_VERSION = 5.0;
				TARGETED_DEVICE_FAMILY = "1,2";
			};
			name = Release;
		};
		EE5CB99F23D9156800FE836E /* Debug */ = {
			isa = XCBuildConfiguration;
			buildSettings = {
				ALWAYS_EMBED_SWIFT_STANDARD_LIBRARIES = YES;
				BUNDLE_LOADER = "$(TEST_HOST)";
				CODE_SIGN_STYLE = Automatic;
				INFOPLIST_FILE = flixTests/Info.plist;
				IPHONEOS_DEPLOYMENT_TARGET = 13.2;
				LD_RUNPATH_SEARCH_PATHS = (
					"$(inherited)",
					"@executable_path/Frameworks",
					"@loader_path/Frameworks",
				);
				PRODUCT_BUNDLE_IDENTIFIER = com.yamini.flixTests;
				PRODUCT_NAME = "$(TARGET_NAME)";
				SWIFT_VERSION = 5.0;
				TARGETED_DEVICE_FAMILY = "1,2";
				TEST_HOST = "$(BUILT_PRODUCTS_DIR)/flix.app/flix";
			};
			name = Debug;
		};
		EE5CB9A023D9156800FE836E /* Release */ = {
			isa = XCBuildConfiguration;
			buildSettings = {
				ALWAYS_EMBED_SWIFT_STANDARD_LIBRARIES = YES;
				BUNDLE_LOADER = "$(TEST_HOST)";
				CODE_SIGN_STYLE = Automatic;
				INFOPLIST_FILE = flixTests/Info.plist;
				IPHONEOS_DEPLOYMENT_TARGET = 13.2;
				LD_RUNPATH_SEARCH_PATHS = (
					"$(inherited)",
					"@executable_path/Frameworks",
					"@loader_path/Frameworks",
				);
				PRODUCT_BUNDLE_IDENTIFIER = com.yamini.flixTests;
				PRODUCT_NAME = "$(TARGET_NAME)";
				SWIFT_VERSION = 5.0;
				TARGETED_DEVICE_FAMILY = "1,2";
				TEST_HOST = "$(BUILT_PRODUCTS_DIR)/flix.app/flix";
			};
			name = Release;
		};
		EE5CB9A223D9156800FE836E /* Debug */ = {
			isa = XCBuildConfiguration;
			buildSettings = {
				ALWAYS_EMBED_SWIFT_STANDARD_LIBRARIES = YES;
				CODE_SIGN_STYLE = Automatic;
				INFOPLIST_FILE = flixUITests/Info.plist;
				LD_RUNPATH_SEARCH_PATHS = (
					"$(inherited)",
					"@executable_path/Frameworks",
					"@loader_path/Frameworks",
				);
				PRODUCT_BUNDLE_IDENTIFIER = com.yamini.flixUITests;
				PRODUCT_NAME = "$(TARGET_NAME)";
				SWIFT_VERSION = 5.0;
				TARGETED_DEVICE_FAMILY = "1,2";
				TEST_TARGET_NAME = flix;
			};
			name = Debug;
		};
		EE5CB9A323D9156800FE836E /* Release */ = {
			isa = XCBuildConfiguration;
			buildSettings = {
				ALWAYS_EMBED_SWIFT_STANDARD_LIBRARIES = YES;
				CODE_SIGN_STYLE = Automatic;
				INFOPLIST_FILE = flixUITests/Info.plist;
				LD_RUNPATH_SEARCH_PATHS = (
					"$(inherited)",
					"@executable_path/Frameworks",
					"@loader_path/Frameworks",
				);
				PRODUCT_BUNDLE_IDENTIFIER = com.yamini.flixUITests;
				PRODUCT_NAME = "$(TARGET_NAME)";
				SWIFT_VERSION = 5.0;
				TARGETED_DEVICE_FAMILY = "1,2";
				TEST_TARGET_NAME = flix;
			};
			name = Release;
		};
/* End XCBuildConfiguration section */

/* Begin XCConfigurationList section */
		EE5CB96C23D9156500FE836E /* Build configuration list for PBXProject "flix" */ = {
			isa = XCConfigurationList;
			buildConfigurations = (
				EE5CB99923D9156800FE836E /* Debug */,
				EE5CB99A23D9156800FE836E /* Release */,
			);
			defaultConfigurationIsVisible = 0;
			defaultConfigurationName = Release;
		};
		EE5CB99B23D9156800FE836E /* Build configuration list for PBXNativeTarget "flix" */ = {
			isa = XCConfigurationList;
			buildConfigurations = (
				EE5CB99C23D9156800FE836E /* Debug */,
				EE5CB99D23D9156800FE836E /* Release */,
			);
			defaultConfigurationIsVisible = 0;
			defaultConfigurationName = Release;
		};
		EE5CB99E23D9156800FE836E /* Build configuration list for PBXNativeTarget "flixTests" */ = {
			isa = XCConfigurationList;
			buildConfigurations = (
				EE5CB99F23D9156800FE836E /* Debug */,
				EE5CB9A023D9156800FE836E /* Release */,
			);
			defaultConfigurationIsVisible = 0;
			defaultConfigurationName = Release;
		};
		EE5CB9A123D9156800FE836E /* Build configuration list for PBXNativeTarget "flixUITests" */ = {
			isa = XCConfigurationList;
			buildConfigurations = (
				EE5CB9A223D9156800FE836E /* Debug */,
				EE5CB9A323D9156800FE836E /* Release */,
			);
			defaultConfigurationIsVisible = 0;
			defaultConfigurationName = Release;
		};
/* End XCConfigurationList section */
	};
	rootObject = EE5CB96923D9156500FE836E /* Project object */;
}
